# THIS IS AN AUTOGENERATED FILE. DO NOT EDIT THIS FILE DIRECTLY.
# yarn lockfile v1


qrcodejs@^1.0.0:
  version "1.0.0"
  resolved "https://registry.yarnpkg.com/qrcodejs/-/qrcodejs-1.0.0.tgz#afab5e9e858521f859ae336d2ed0f9fd2e76cca7"
  integrity sha512-67rj3mMBhSBepaD57qENnltO+r8rSYlqM7HGThks/BiyDAkc86sLvkKqjkqPS5v13f7tvnt6dbEf3qt7zq+BCg==

qrious@^4.0.2:
  version "4.0.2"
  resolved "https://registry.yarnpkg.com/qrious/-/qrious-4.0.2.tgz#09c4d4079d2b961617f62c69cff3b9bb66a39693"
  integrity sha512-xWPJIrK1zu5Ypn898fBp8RHkT/9ibquV2Kv24S/JY9VYEhMBMKur1gHVsOiNUh7PHP9uCgejjpZUHUIXXKoU/g==
